schema: '2.0'
stages:
  data_ingestion:
    cmd: python src/data_ingestion.py
    deps:
    - path: src/data_ingestion.py
      hash: md5
      md5: da5ea2e3452cff38bcfcc8504b6d465e
      size: 3810
    outs:
    - path: data/raw
      hash: md5
      md5: 1a287d34dc172d9f950c03dae35f7e73.dir
      size: 484846
      nfiles: 2
  data_preprocessing:
    cmd: python src/data_preprocessing.py
    deps:
    - path: data/raw
      hash: md5
      md5: 1a287d34dc172d9f950c03dae35f7e73.dir
      size: 484846
      nfiles: 2
    - path: src/data_preprocessing.py
      hash: md5
      md5: d6a40138edb5ca539d41072cd691f039
      size: 4551
    outs:
    - path: data/interim
      hash: md5
      md5: d99be5cb2b019d747166f90739fa6d08.dir
      size: 260073
      nfiles: 2
  feature_engineering:
    cmd: python src/feature_engineering.py
    deps:
    - path: data/interim
      hash: md5
      md5: d99be5cb2b019d747166f90739fa6d08.dir
      size: 260073
      nfiles: 2
    - path: src/feature_engineering.py
      hash: md5
      md5: 0cee35248de2231de3e41005ddd9f081
      size: 3914
    outs:
    - path: data/processed
      hash: md5
      md5: 75e218e1ef3eca0fbee7bf147502a2e7.dir
      size: 1179996
      nfiles: 2
  model_building:
    cmd: python src/model_building.py
    deps:
    - path: data/processed
      hash: md5
      md5: 75e218e1ef3eca0fbee7bf147502a2e7.dir
      size: 1179996
      nfiles: 2
    - path: src/model_building.py
      hash: md5
      md5: d5d9fae2bd71e0e3ea658bc34aec25dd
      size: 5091
    outs:
    - path: models/model.pkl
      hash: md5
      md5: ff35720205afc8a0cc4432b16420957b
      size: 997015
  model_evaluation:
    cmd: python src/model_evaluation.py
    deps:
    - path: models/model.pkl
      hash: md5
      md5: ff35720205afc8a0cc4432b16420957b
      size: 997015
    - path: src/model_evaluation.py
      hash: md5
      md5: 955f16bfee8e744794417dc8627edf62
      size: 4651
    outs:
    - path: reports/metrics.json
      hash: md5
      md5: c79f0e1663272ca4d0df962af19079f5
      size: 145
